
Microsoft Visual Studio Solution File, Format Version 12.00
# Visual Studio 15
VisualStudioVersion = 15.0.26730.15
MinimumVisualStudioVersion = 10.0.40219.1
Project("{FAE04EC0-301F-11D3-BF4B-00C04F79EFBC}") = "WpfTreeView", "WpfTreeView\WpfTreeView.csproj", "{079FAD5C-FAD7-44F4-A458-3657CBB3AF1A}"
EndProject
Global
	GlobalSection(SolutionConfigurationPlatforms) = preSolution
		Debug|Any CPU = Debug|Any CPU
		Release|Any CPU = Release|Any CPU
	EndGlobalSection
	GlobalSection(ProjectConfigurationPlatforms) = postSolution
		{079FAD5C-FAD7-44F4-A458-3657CBB3AF1A}.Debug|Any CPU.ActiveCfg = Debug|Any CPU
		{079FAD5C-FAD7-44F4-A458-3657CBB3AF1A}.Debug|Any CPU.Build.0 = Debug|Any CPU
		{079FAD5C-FAD7-44F4-A458-3657CBB3AF1A}.Release|Any CPU.ActiveCfg = Release|Any CPU
		{079FAD5C-FAD7-44F4-A458-3657CBB3AF1A}.Release|Any CPU.Build.0 = Release|Any CPU
	EndGlobalSection
	GlobalSection(SolutionProperties) = preSolution
		HideSolutionNode = FALSE
	EndGlobalSection
	GlobalSection(ExtensibilityGlobals) = postSolution
		SolutionGuid = {F145BC36-2DBE-4477-B12B-8AF4F29EBCED}
	EndGlobalSection
EndGlobal
